
Microsoft Visual Studio Solution File, Format Version 12.00
# Visual Studio 15
VisualStudioVersion = 15.0.27428.1
MinimumVisualStudioVersion = 10.0.40219.1
Project("{9A19103F-16F7-4668-BE54-9A1E7A4F7556}") = "CustomerAPI", "CustomerAPI\CustomerAPI.csproj", "{CC6BAFDC-9AF9-4E06-AD8C-7310F4D7D112}"
EndProject
Project("{9A19103F-16F7-4668-BE54-9A1E7A4F7556}") = "DAL", "DAL\DAL.csproj", "{DA95BDF4-2E86-4978-84A7-862CD93C07BE}"
EndProject
Project("{9A19103F-16F7-4668-BE54-9A1E7A4F7556}") = "BE", "BE\BE.csproj", "{4755642B-4C5C-4F62-805C-065FCFF45F2A}"
EndProject
Project("{9A19103F-16F7-4668-BE54-9A1E7A4F7556}") = "Converter", "Converter\Converter.csproj", "{967F663A-C223-49C4-97D8-A2AA6C3CB234}"
EndProject
Project("{E53339B2-1760-4266-BCC7-CA923CBCF16C}") = "docker-compose", "docker-compose.dcproj", "{F9168E2D-2295-44FD-B3FB-8780D92A2FAF}"
EndProject
Global
	GlobalSection(SolutionConfigurationPlatforms) = preSolution
		Debug|Any CPU = Debug|Any CPU
		Release|Any CPU = Release|Any CPU
	EndGlobalSection
	GlobalSection(ProjectConfigurationPlatforms) = postSolution
		{CC6BAFDC-9AF9-4E06-AD8C-7310F4D7D112}.Debug|Any CPU.ActiveCfg = Debug|Any CPU
		{CC6BAFDC-9AF9-4E06-AD8C-7310F4D7D112}.Debug|Any CPU.Build.0 = Debug|Any CPU
		{CC6BAFDC-9AF9-4E06-AD8C-7310F4D7D112}.Release|Any CPU.ActiveCfg = Release|Any CPU
		{CC6BAFDC-9AF9-4E06-AD8C-7310F4D7D112}.Release|Any CPU.Build.0 = Release|Any CPU
		{DA95BDF4-2E86-4978-84A7-862CD93C07BE}.Debug|Any CPU.ActiveCfg = Debug|Any CPU
		{DA95BDF4-2E86-4978-84A7-862CD93C07BE}.Debug|Any CPU.Build.0 = Debug|Any CPU
		{DA95BDF4-2E86-4978-84A7-862CD93C07BE}.Release|Any CPU.ActiveCfg = Release|Any CPU
		{DA95BDF4-2E86-4978-84A7-862CD93C07BE}.Release|Any CPU.Build.0 = Release|Any CPU
		{4755642B-4C5C-4F62-805C-065FCFF45F2A}.Debug|Any CPU.ActiveCfg = Debug|Any CPU
		{4755642B-4C5C-4F62-805C-065FCFF45F2A}.Debug|Any CPU.Build.0 = Debug|Any CPU
		{4755642B-4C5C-4F62-805C-065FCFF45F2A}.Release|Any CPU.ActiveCfg = Release|Any CPU
		{4755642B-4C5C-4F62-805C-065FCFF45F2A}.Release|Any CPU.Build.0 = Release|Any CPU
		{967F663A-C223-49C4-97D8-A2AA6C3CB234}.Debug|Any CPU.ActiveCfg = Debug|Any CPU
		{967F663A-C223-49C4-97D8-A2AA6C3CB234}.Debug|Any CPU.Build.0 = Debug|Any CPU
		{967F663A-C223-49C4-97D8-A2AA6C3CB234}.Release|Any CPU.ActiveCfg = Release|Any CPU
		{967F663A-C223-49C4-97D8-A2AA6C3CB234}.Release|Any CPU.Build.0 = Release|Any CPU
		{F9168E2D-2295-44FD-B3FB-8780D92A2FAF}.Debug|Any CPU.ActiveCfg = Debug|Any CPU
		{F9168E2D-2295-44FD-B3FB-8780D92A2FAF}.Debug|Any CPU.Build.0 = Debug|Any CPU
		{F9168E2D-2295-44FD-B3FB-8780D92A2FAF}.Release|Any CPU.ActiveCfg = Release|Any CPU
		{F9168E2D-2295-44FD-B3FB-8780D92A2FAF}.Release|Any CPU.Build.0 = Release|Any CPU
	EndGlobalSection
	GlobalSection(SolutionProperties) = preSolution
		HideSolutionNode = FALSE
	EndGlobalSection
	GlobalSection(ExtensibilityGlobals) = postSolution
		SolutionGuid = {43347F3F-1985-4432-B7EC-20E4DD617AD3}
	EndGlobalSection
EndGlobal
